
Microsoft Visual Studio Solution File, Format Version 12.00
# Visual Studio 2012
Project("{FAE04EC0-301F-11D3-BF4B-00C04F79EFBC}") = "AndroidActionSlider", "AndroidActionSlider\AndroidActionSlider.csproj", "{05588D46-C86F-4B4A-B5E5-CE1A630C5276}"
EndProject
Global
	GlobalSection(SolutionConfigurationPlatforms) = preSolution
		Debug|Any CPU = Debug|Any CPU
		Release|Any CPU = Release|Any CPU
	EndGlobalSection
	GlobalSection(ProjectConfigurationPlatforms) = postSolution
		{05588D46-C86F-4B4A-B5E5-CE1A630C5276}.Debug|Any CPU.ActiveCfg = Debug|Any CPU
		{05588D46-C86F-4B4A-B5E5-CE1A630C5276}.Debug|Any CPU.Build.0 = Debug|Any CPU
		{05588D46-C86F-4B4A-B5E5-CE1A630C5276}.Release|Any CPU.ActiveCfg = Release|Any CPU
		{05588D46-C86F-4B4A-B5E5-CE1A630C5276}.Release|Any CPU.Build.0 = Release|Any CPU
	EndGlobalSection
EndGlobal
